
Microsoft Visual Studio Solution File, Format Version 12.00
# Visual Studio Version 16
VisualStudioVersion = 16.0.30907.101
MinimumVisualStudioVersion = 10.0.40219.1
Project("{FAE04EC0-301F-11D3-BF4B-00C04F79EFBC}") = "CoreSimpam.WebApp", "CoreSimpam.WebApp\CoreSimpam.WebApp.csproj", "{1D0A7D0F-3973-4AB9-B922-8364A91F2093}"
EndProject
Global
	GlobalSection(SolutionConfigurationPlatforms) = preSolution
		Debug|Any CPU = Debug|Any CPU
		Release|Any CPU = Release|Any CPU
	EndGlobalSection
	GlobalSection(ProjectConfigurationPlatforms) = postSolution
		{1D0A7D0F-3973-4AB9-B922-8364A91F2093}.Debug|Any CPU.ActiveCfg = Debug|Any CPU
		{1D0A7D0F-3973-4AB9-B922-8364A91F2093}.Debug|Any CPU.Build.0 = Debug|Any CPU
		{1D0A7D0F-3973-4AB9-B922-8364A91F2093}.Release|Any CPU.ActiveCfg = Release|Any CPU
		{1D0A7D0F-3973-4AB9-B922-8364A91F2093}.Release|Any CPU.Build.0 = Release|Any CPU
	EndGlobalSection
	GlobalSection(SolutionProperties) = preSolution
		HideSolutionNode = FALSE
	EndGlobalSection
	GlobalSection(ExtensibilityGlobals) = postSolution
		SolutionGuid = {763F006D-0DBA-4AA5-869D-BE90277B2227}
	EndGlobalSection
EndGlobal
